
Microsoft Visual Studio Solution File, Format Version 12.00
# Visual Studio Version 16
VisualStudioVersion = 16.0.29123.88
MinimumVisualStudioVersion = 10.0.40219.1
Project("{9A19103F-16F7-4668-BE54-9A1E7A4F7556}") = "BuildServer", "BuildServer\BuildServer.csproj", "{30E1D412-ABCA-4EFF-967B-408CE0A4DBDA}"
EndProject
Project("{9A19103F-16F7-4668-BE54-9A1E7A4F7556}") = "RabbitMQ.Shared", "..\RabbitMQ.Shared\RabbitMQ.Shared.csproj", "{E997900C-C53B-4654-A3AC-7A7ACA1F8CE8}"
EndProject
Project("{9A19103F-16F7-4668-BE54-9A1E7A4F7556}") = "Storage", "..\Storage\Storage.csproj", "{36275077-E04F-4687-894E-2D6D29CA22E5}"
EndProject
Global
	GlobalSection(SolutionConfigurationPlatforms) = preSolution
		Debug|Any CPU = Debug|Any CPU
		Release|Any CPU = Release|Any CPU
	EndGlobalSection
	GlobalSection(ProjectConfigurationPlatforms) = postSolution
		{30E1D412-ABCA-4EFF-967B-408CE0A4DBDA}.Debug|Any CPU.ActiveCfg = Debug|Any CPU
		{30E1D412-ABCA-4EFF-967B-408CE0A4DBDA}.Debug|Any CPU.Build.0 = Debug|Any CPU
		{30E1D412-ABCA-4EFF-967B-408CE0A4DBDA}.Release|Any CPU.ActiveCfg = Release|Any CPU
		{30E1D412-ABCA-4EFF-967B-408CE0A4DBDA}.Release|Any CPU.Build.0 = Release|Any CPU
		{E997900C-C53B-4654-A3AC-7A7ACA1F8CE8}.Debug|Any CPU.ActiveCfg = Debug|Any CPU
		{E997900C-C53B-4654-A3AC-7A7ACA1F8CE8}.Debug|Any CPU.Build.0 = Debug|Any CPU
		{E997900C-C53B-4654-A3AC-7A7ACA1F8CE8}.Release|Any CPU.ActiveCfg = Release|Any CPU
		{E997900C-C53B-4654-A3AC-7A7ACA1F8CE8}.Release|Any CPU.Build.0 = Release|Any CPU
		{36275077-E04F-4687-894E-2D6D29CA22E5}.Debug|Any CPU.ActiveCfg = Debug|Any CPU
		{36275077-E04F-4687-894E-2D6D29CA22E5}.Debug|Any CPU.Build.0 = Debug|Any CPU
		{36275077-E04F-4687-894E-2D6D29CA22E5}.Release|Any CPU.ActiveCfg = Release|Any CPU
		{36275077-E04F-4687-894E-2D6D29CA22E5}.Release|Any CPU.Build.0 = Release|Any CPU
	EndGlobalSection
	GlobalSection(SolutionProperties) = preSolution
		HideSolutionNode = FALSE
	EndGlobalSection
	GlobalSection(ExtensibilityGlobals) = postSolution
		SolutionGuid = {C1ACA73A-C131-4AE2-9592-92C145B06F0A}
	EndGlobalSection
EndGlobal
