
Microsoft Visual Studio Solution File, Format Version 12.00
# Visual Studio Version 16
VisualStudioVersion = 16.0.29102.190
MinimumVisualStudioVersion = 10.0.40219.1
Project("{9A19103F-16F7-4668-BE54-9A1E7A4F7556}") = "IDE.API", "IDE.API\IDE.API.csproj", "{069BE050-AF36-4BBC-9619-2E3B0C68E835}"
EndProject
Project("{9A19103F-16F7-4668-BE54-9A1E7A4F7556}") = "IDE.BLL", "IDE.BLL\IDE.BLL.csproj", "{AD50C5F4-54A7-44EA-A253-1FFE5958593D}"
EndProject
Project("{9A19103F-16F7-4668-BE54-9A1E7A4F7556}") = "IDE.Common", "IDE.Common\IDE.Common.csproj", "{A85ABD7F-625D-4722-B94F-3F91EA86A009}"
EndProject
Project("{9A19103F-16F7-4668-BE54-9A1E7A4F7556}") = "IDE.DAL", "IDE.DAL\IDE.DAL.csproj", "{6CCCDA27-B1F6-4ED9-820B-89FBA2A202E6}"
EndProject
Project("{9A19103F-16F7-4668-BE54-9A1E7A4F7556}") = "IDE.Tests", "IDE.Tests\IDE.Tests.csproj", "{5C7C3907-54BF-4448-A748-4164AB48EBFE}"
EndProject
Project("{9A19103F-16F7-4668-BE54-9A1E7A4F7556}") = "RabbitMQ.Shared", "RabbitMQ.Shared\RabbitMQ.Shared.csproj", "{B2E693AC-A8BE-4037-9654-48D355AA52A2}"
EndProject
Project("{FAE04EC0-301F-11D3-BF4B-00C04F79EFBC}") = "Storage", "Storage\Storage.csproj", "{B3FEC3BE-1702-43D8-887C-69DA7DAEF442}"
EndProject
Global
	GlobalSection(SolutionConfigurationPlatforms) = preSolution
		Debug|Any CPU = Debug|Any CPU
		Release|Any CPU = Release|Any CPU
	EndGlobalSection
	GlobalSection(ProjectConfigurationPlatforms) = postSolution
		{069BE050-AF36-4BBC-9619-2E3B0C68E835}.Debug|Any CPU.ActiveCfg = Debug|Any CPU
		{069BE050-AF36-4BBC-9619-2E3B0C68E835}.Debug|Any CPU.Build.0 = Debug|Any CPU
		{069BE050-AF36-4BBC-9619-2E3B0C68E835}.Release|Any CPU.ActiveCfg = Release|Any CPU
		{069BE050-AF36-4BBC-9619-2E3B0C68E835}.Release|Any CPU.Build.0 = Release|Any CPU
		{AD50C5F4-54A7-44EA-A253-1FFE5958593D}.Debug|Any CPU.ActiveCfg = Debug|Any CPU
		{AD50C5F4-54A7-44EA-A253-1FFE5958593D}.Debug|Any CPU.Build.0 = Debug|Any CPU
		{AD50C5F4-54A7-44EA-A253-1FFE5958593D}.Release|Any CPU.ActiveCfg = Release|Any CPU
		{AD50C5F4-54A7-44EA-A253-1FFE5958593D}.Release|Any CPU.Build.0 = Release|Any CPU
		{A85ABD7F-625D-4722-B94F-3F91EA86A009}.Debug|Any CPU.ActiveCfg = Debug|Any CPU
		{A85ABD7F-625D-4722-B94F-3F91EA86A009}.Debug|Any CPU.Build.0 = Debug|Any CPU
		{A85ABD7F-625D-4722-B94F-3F91EA86A009}.Release|Any CPU.ActiveCfg = Release|Any CPU
		{A85ABD7F-625D-4722-B94F-3F91EA86A009}.Release|Any CPU.Build.0 = Release|Any CPU
		{6CCCDA27-B1F6-4ED9-820B-89FBA2A202E6}.Debug|Any CPU.ActiveCfg = Debug|Any CPU
		{6CCCDA27-B1F6-4ED9-820B-89FBA2A202E6}.Debug|Any CPU.Build.0 = Debug|Any CPU
		{6CCCDA27-B1F6-4ED9-820B-89FBA2A202E6}.Release|Any CPU.ActiveCfg = Release|Any CPU
		{6CCCDA27-B1F6-4ED9-820B-89FBA2A202E6}.Release|Any CPU.Build.0 = Release|Any CPU
		{5C7C3907-54BF-4448-A748-4164AB48EBFE}.Debug|Any CPU.ActiveCfg = Debug|Any CPU
		{5C7C3907-54BF-4448-A748-4164AB48EBFE}.Debug|Any CPU.Build.0 = Debug|Any CPU
		{5C7C3907-54BF-4448-A748-4164AB48EBFE}.Release|Any CPU.ActiveCfg = Release|Any CPU
		{5C7C3907-54BF-4448-A748-4164AB48EBFE}.Release|Any CPU.Build.0 = Release|Any CPU
		{B2E693AC-A8BE-4037-9654-48D355AA52A2}.Debug|Any CPU.ActiveCfg = Debug|Any CPU
		{B2E693AC-A8BE-4037-9654-48D355AA52A2}.Debug|Any CPU.Build.0 = Debug|Any CPU
		{B2E693AC-A8BE-4037-9654-48D355AA52A2}.Release|Any CPU.ActiveCfg = Release|Any CPU
		{B2E693AC-A8BE-4037-9654-48D355AA52A2}.Release|Any CPU.Build.0 = Release|Any CPU
		{B3FEC3BE-1702-43D8-887C-69DA7DAEF442}.Debug|Any CPU.ActiveCfg = Debug|Any CPU
		{B3FEC3BE-1702-43D8-887C-69DA7DAEF442}.Debug|Any CPU.Build.0 = Debug|Any CPU
		{B3FEC3BE-1702-43D8-887C-69DA7DAEF442}.Release|Any CPU.ActiveCfg = Release|Any CPU
		{B3FEC3BE-1702-43D8-887C-69DA7DAEF442}.Release|Any CPU.Build.0 = Release|Any CPU
	EndGlobalSection
	GlobalSection(SolutionProperties) = preSolution
		HideSolutionNode = FALSE
	EndGlobalSection
	GlobalSection(ExtensibilityGlobals) = postSolution
		SolutionGuid = {A97D8682-B117-4665-A0B4-3E374C75D8AC}
	EndGlobalSection
EndGlobal
